
Microsoft Visual Studio Solution File, Format Version 12.00
# Visual Studio Version 16
VisualStudioVersion = 16.0.29201.188
MinimumVisualStudioVersion = 10.0.40219.1
Project("{FAE04EC0-301F-11D3-BF4B-00C04F79EFBC}") = "Project1", "Project1\Project1.csproj", "{BE2CB726-756E-43A5-9791-A323CA43BF73}"
EndProject
Global
	GlobalSection(SolutionConfigurationPlatforms) = preSolution
		Debug|Any CPU = Debug|Any CPU
		Release|Any CPU = Release|Any CPU
	EndGlobalSection
	GlobalSection(ProjectConfigurationPlatforms) = postSolution
		{BE2CB726-756E-43A5-9791-A323CA43BF73}.Debug|Any CPU.ActiveCfg = Debug|Any CPU
		{BE2CB726-756E-43A5-9791-A323CA43BF73}.Debug|Any CPU.Build.0 = Debug|Any CPU
		{BE2CB726-756E-43A5-9791-A323CA43BF73}.Release|Any CPU.ActiveCfg = Release|Any CPU
		{BE2CB726-756E-43A5-9791-A323CA43BF73}.Release|Any CPU.Build.0 = Release|Any CPU
	EndGlobalSection
	GlobalSection(SolutionProperties) = preSolution
		HideSolutionNode = FALSE
	EndGlobalSection
	GlobalSection(ExtensibilityGlobals) = postSolution
		SolutionGuid = {089F08DF-A37D-4103-981D-37E081A25A8B}
	EndGlobalSection
EndGlobal
